
Microsoft Visual Studio Solution File, Format Version 12.00
# Visual Studio Version 16
VisualStudioVersion = 16.0.32901.82
MinimumVisualStudioVersion = 10.0.40219.1
Project("{FAE04EC0-301F-11D3-BF4B-00C04F79EFBC}") = "SalesWebMvc", "SalesWebMvc\SalesWebMvc.csproj", "{478C7373-7697-472F-9B1A-88619E64AE3D}"
EndProject
Global
	GlobalSection(SolutionConfigurationPlatforms) = preSolution
		Debug|Any CPU = Debug|Any CPU
		Release|Any CPU = Release|Any CPU
	EndGlobalSection
	GlobalSection(ProjectConfigurationPlatforms) = postSolution
		{478C7373-7697-472F-9B1A-88619E64AE3D}.Debug|Any CPU.ActiveCfg = Debug|Any CPU
		{478C7373-7697-472F-9B1A-88619E64AE3D}.Debug|Any CPU.Build.0 = Debug|Any CPU
		{478C7373-7697-472F-9B1A-88619E64AE3D}.Release|Any CPU.ActiveCfg = Release|Any CPU
		{478C7373-7697-472F-9B1A-88619E64AE3D}.Release|Any CPU.Build.0 = Release|Any CPU
	EndGlobalSection
	GlobalSection(SolutionProperties) = preSolution
		HideSolutionNode = FALSE
	EndGlobalSection
	GlobalSection(ExtensibilityGlobals) = postSolution
		SolutionGuid = {6E769568-809F-4332-9D3B-C3BA77FF945B}
	EndGlobalSection
EndGlobal
